
Microsoft Visual Studio Solution File, Format Version 12.00
# Visual Studio Version 16
VisualStudioVersion = 16.0.30225.117
MinimumVisualStudioVersion = 10.0.40219.1
Project("{FAE04EC0-301F-11D3-BF4B-00C04F79EFBC}") = "GoogleHealthcareFunctionApp", "GoogleHealthcareFunctionApp.csproj", "{D3D93C86-AE8A-46F6-8E0E-CF6ACC0AC996}"
EndProject
Global
	GlobalSection(SolutionConfigurationPlatforms) = preSolution
		Debug|Any CPU = Debug|Any CPU
		Release|Any CPU = Release|Any CPU
	EndGlobalSection
	GlobalSection(ProjectConfigurationPlatforms) = postSolution
		{D3D93C86-AE8A-46F6-8E0E-CF6ACC0AC996}.Debug|Any CPU.ActiveCfg = Debug|Any CPU
		{D3D93C86-AE8A-46F6-8E0E-CF6ACC0AC996}.Debug|Any CPU.Build.0 = Debug|Any CPU
		{D3D93C86-AE8A-46F6-8E0E-CF6ACC0AC996}.Release|Any CPU.ActiveCfg = Release|Any CPU
		{D3D93C86-AE8A-46F6-8E0E-CF6ACC0AC996}.Release|Any CPU.Build.0 = Release|Any CPU
	EndGlobalSection
	GlobalSection(SolutionProperties) = preSolution
		HideSolutionNode = FALSE
	EndGlobalSection
	GlobalSection(ExtensibilityGlobals) = postSolution
		SolutionGuid = {B8012075-6984-4399-9688-287F4802025D}
	EndGlobalSection
EndGlobal
